
Microsoft Visual Studio Solution File, Format Version 12.00
# Visual Studio Version 17
VisualStudioVersion = 17.0.31903.59
MinimumVisualStudioVersion = 10.0.40219.1
Project("{2150E333-8FDC-42A3-9474-1A3956D46DE8}") = "Backend", "Backend", "{39E2B09E-E8FA-4179-B8FD-4FB5848DDD3F}"
EndProject
Project("{FAE04EC0-301F-11D3-BF4B-00C04F79EFBC}") = "RecipesService", "Backend\RecipesService\RecipesService.csproj", "{A09E6CD0-EEA2-404B-8AE7-011CF52A42E0}"
EndProject
Project("{FAE04EC0-301F-11D3-BF4B-00C04F79EFBC}") = "RecipesSearchService", "Backend\RecipesSearchService\RecipesSearchService.csproj", "{2114A867-6064-48D7-84A7-B280D41AF5DF}"
EndProject
Global
	GlobalSection(SolutionConfigurationPlatforms) = preSolution
		Debug|Any CPU = Debug|Any CPU
		Release|Any CPU = Release|Any CPU
	EndGlobalSection
	GlobalSection(SolutionProperties) = preSolution
		HideSolutionNode = FALSE
	EndGlobalSection
	GlobalSection(ProjectConfigurationPlatforms) = postSolution
		{A09E6CD0-EEA2-404B-8AE7-011CF52A42E0}.Debug|Any CPU.ActiveCfg = Debug|Any CPU
		{A09E6CD0-EEA2-404B-8AE7-011CF52A42E0}.Debug|Any CPU.Build.0 = Debug|Any CPU
		{A09E6CD0-EEA2-404B-8AE7-011CF52A42E0}.Release|Any CPU.ActiveCfg = Release|Any CPU
		{A09E6CD0-EEA2-404B-8AE7-011CF52A42E0}.Release|Any CPU.Build.0 = Release|Any CPU
		{2114A867-6064-48D7-84A7-B280D41AF5DF}.Debug|Any CPU.ActiveCfg = Debug|Any CPU
		{2114A867-6064-48D7-84A7-B280D41AF5DF}.Debug|Any CPU.Build.0 = Debug|Any CPU
		{2114A867-6064-48D7-84A7-B280D41AF5DF}.Release|Any CPU.ActiveCfg = Release|Any CPU
		{2114A867-6064-48D7-84A7-B280D41AF5DF}.Release|Any CPU.Build.0 = Release|Any CPU
	EndGlobalSection
	GlobalSection(NestedProjects) = preSolution
		{A09E6CD0-EEA2-404B-8AE7-011CF52A42E0} = {39E2B09E-E8FA-4179-B8FD-4FB5848DDD3F}
		{2114A867-6064-48D7-84A7-B280D41AF5DF} = {39E2B09E-E8FA-4179-B8FD-4FB5848DDD3F}
	EndGlobalSection
EndGlobal
